// !$*UTF8*$!
{
	archiveVersion = 1;
	classes = {
	};
	objectVersion = 56;
	objects = {

/* Begin PBXBuildFile section */
		04B8C0132A2F1F0200269826 /* ModelData .swift in Sources */ = {isa = PBXBuildFile; fileRef = 04B8C0122A2F1F0200269826 /* ModelData .swift */; };
		04B8C0152A2F1F8A00269826 /* malmView.swift in Sources */ = {isa = PBXBuildFile; fileRef = 04B8C0142A2F1F8A00269826 /* malmView.swift */; };
		04B8C0172A2F20EF00269826 /* infoView.swift in Sources */ = {isa = PBXBuildFile; fileRef = 04B8C0162A2F20EF00269826 /* infoView.swift */; };
		04B8C0192A2F211200269826 /* First.swift in Sources */ = {isa = PBXBuildFile; fileRef = 04B8C0182A2F211200269826 /* First.swift */; };
		04B8C01B2A2F213D00269826 /* PhotoView.swift in Sources */ = {isa = PBXBuildFile; fileRef = 04B8C01A2A2F213D00269826 /* PhotoView.swift */; };
		04B8C01D2A2F215C00269826 /* GridImageView.swift in Sources */ = {isa = PBXBuildFile; fileRef = 04B8C01C2A2F215C00269826 /* GridImageView.swift */; };
		04B8C01F2A2F21A400269826 /* listOf.swift in Sources */ = {isa = PBXBuildFile; fileRef = 04B8C01E2A2F21A400269826 /* listOf.swift */; };
		77ABE35E2A2F9ACB0042776E /* paymentview.swift in Sources */ = {isa = PBXBuildFile; fileRef = 77ABE35D2A2F9ACB0042776E /* paymentview.swift */; };
		9B27B0392A33464700A9D371 /* FirebaseAuth in Frameworks */ = {isa = PBXBuildFile; productRef = 9B27B0382A33464700A9D371 /* FirebaseAuth */; };
		9B27B03B2A33464700A9D371 /* FirebaseFirestore in Frameworks */ = {isa = PBXBuildFile; productRef = 9B27B03A2A33464700A9D371 /* FirebaseFirestore */; };
		9B27B03D2A33464700A9D371 /* FirebaseFirestoreSwift in Frameworks */ = {isa = PBXBuildFile; productRef = 9B27B03C2A33464700A9D371 /* FirebaseFirestoreSwift */; };
		9B27B03F2A33464700A9D371 /* FirebaseStorage in Frameworks */ = {isa = PBXBuildFile; productRef = 9B27B03E2A33464700A9D371 /* FirebaseStorage */; };
		9B27B0412A33464700A9D371 /* FirebaseStorageCombine-Community in Frameworks */ = {isa = PBXBuildFile; productRef = 9B27B0402A33464700A9D371 /* FirebaseStorageCombine-Community */; };
		9B27B0442A33473300A9D371 /* LoginView.swift in Sources */ = {isa = PBXBuildFile; fileRef = 9B27B0432A33473300A9D371 /* LoginView.swift */; };
		9B2A853A2A34AF5A00F4BF0F /* ImagePredictor.swift in Sources */ = {isa = PBXBuildFile; fileRef = 9B2A85392A34AF5A00F4BF0F /* ImagePredictor.swift */; };
		9BA887162A33BD490015D30C /* AuthViewModel.swift in Sources */ = {isa = PBXBuildFile; fileRef = 9BA887152A33BD490015D30C /* AuthViewModel.swift */; };
		9BA887182A347A740015D30C /* StoreViewModel.swift in Sources */ = {isa = PBXBuildFile; fileRef = 9BA887172A347A740015D30C /* StoreViewModel.swift */; };
		9BA8871B2A3483C60015D30C /* UserData.swift in Sources */ = {isa = PBXBuildFile; fileRef = 9BA8871A2A3483C60015D30C /* UserData.swift */; };
		9BA8871D2A3483DB0015D30C /* LandmarkData.swift in Sources */ = {isa = PBXBuildFile; fileRef = 9BA8871C2A3483DB0015D30C /* LandmarkData.swift */; };
		9BA887232A3486950015D30C /* OnboardingStep.swift in Sources */ = {isa = PBXBuildFile; fileRef = 9BA887222A3486950015D30C /* OnboardingStep.swift */; };
		9BA887252A3487F60015D30C /* OnBoardingStepView.swift in Sources */ = {isa = PBXBuildFile; fileRef = 9BA887242A3487F60015D30C /* OnBoardingStepView.swift */; };
		9BA8872C2A348C3E0015D30C /* Launch Screen.storyboard in Resources */ = {isa = PBXBuildFile; fileRef = 9BA8872B2A348C3E0015D30C /* Launch Screen.storyboard */; };
		B8D480C72A2FDD75000C988D /* PurchaseManager.swift in Sources */ = {isa = PBXBuildFile; fileRef = B8D480C62A2FDD75000C988D /* PurchaseManager.swift */; };
		B8D480C92A2FDDA0000C988D /* EntitlementManager.swift in Sources */ = {isa = PBXBuildFile; fileRef = B8D480C82A2FDDA0000C988D /* EntitlementManager.swift */; };
		FF52F61F2A2B3B2600CB5E71 /* VisionClassifier.swift in Sources */ = {isa = PBXBuildFile; fileRef = FF52F61E2A2B3B2600CB5E71 /* VisionClassifier.swift */; };
		FF52F6252A2B44CE00CB5E71 /* HistoryView.swift in Sources */ = {isa = PBXBuildFile; fileRef = FF52F6242A2B44CE00CB5E71 /* HistoryView.swift */; };
		FF52F62F2A2B618C00CB5E71 /* TabBarView.swift in Sources */ = {isa = PBXBuildFile; fileRef = FF52F62E2A2B618C00CB5E71 /* TabBarView.swift */; };
		FF52F6312A2B629800CB5E71 /* ImgeReco.swift in Sources */ = {isa = PBXBuildFile; fileRef = FF52F6302A2B629800CB5E71 /* ImgeReco.swift */; };
		FF85F2C42A321DFD007D9537 /* CoreMLAZ2030.mlmodel in Sources */ = {isa = PBXBuildFile; fileRef = FF85F2C32A321DFD007D9537 /* CoreMLAZ2030.mlmodel */; };
		FF85F2C52A321DFD007D9537 /* CoreMLAZ2030.mlmodel in Sources */ = {isa = PBXBuildFile; fileRef = FF85F2C32A321DFD007D9537 /* CoreMLAZ2030.mlmodel */; };
		FF85F2C62A321DFD007D9537 /* CoreMLAZ2030.mlmodel in Sources */ = {isa = PBXBuildFile; fileRef = FF85F2C32A321DFD007D9537 /* CoreMLAZ2030.mlmodel */; };
		FF85F2C82A321F5A007D9537 /* secound.swift in Sources */ = {isa = PBXBuildFile; fileRef = FF85F2C72A321F5A007D9537 /* secound.swift */; };
		FF85F2C92A321F5A007D9537 /* secound.swift in Sources */ = {isa = PBXBuildFile; fileRef = FF85F2C72A321F5A007D9537 /* secound.swift */; };
		FF85F2CA2A321F5A007D9537 /* secound.swift in Sources */ = {isa = PBXBuildFile; fileRef = FF85F2C72A321F5A007D9537 /* secound.swift */; };
		FF85F2CC2A321F73007D9537 /* imgviewotherimge.swift in Sources */ = {isa = PBXBuildFile; fileRef = FF85F2CB2A321F73007D9537 /* imgviewotherimge.swift */; };
		FF85F2CD2A321F73007D9537 /* imgviewotherimge.swift in Sources */ = {isa = PBXBuildFile; fileRef = FF85F2CB2A321F73007D9537 /* imgviewotherimge.swift */; };
		FF85F2CE2A321F73007D9537 /* imgviewotherimge.swift in Sources */ = {isa = PBXBuildFile; fileRef = FF85F2CB2A321F73007D9537 /* imgviewotherimge.swift */; };
		FF85F2D02A321F88007D9537 /* GimgeView.swift in Sources */ = {isa = PBXBuildFile; fileRef = FF85F2CF2A321F88007D9537 /* GimgeView.swift */; };
		FF85F2D12A321F88007D9537 /* GimgeView.swift in Sources */ = {isa = PBXBuildFile; fileRef = FF85F2CF2A321F88007D9537 /* GimgeView.swift */; };
		FF85F2D22A321F88007D9537 /* GimgeView.swift in Sources */ = {isa = PBXBuildFile; fileRef = FF85F2CF2A321F88007D9537 /* GimgeView.swift */; };
		FFA8ABE52A2723E30008B0D2 /* hibahcodeApp.swift in Sources */ = {isa = PBXBuildFile; fileRef = FFA8ABE42A2723E30008B0D2 /* hibahcodeApp.swift */; };
		FFA8ABE72A2723E30008B0D2 /* ContentView.swift in Sources */ = {isa = PBXBuildFile; fileRef = FFA8ABE62A2723E30008B0D2 /* ContentView.swift */; };
		FFA8ABEC2A2723E40008B0D2 /* Preview Assets.xcassets in Resources */ = {isa = PBXBuildFile; fileRef = FFA8ABEB2A2723E40008B0D2 /* Preview Assets.xcassets */; };
		FFA8ABFC2A2723E40008B0D2 /* hibahcodeTests.swift in Sources */ = {isa = PBXBuildFile; fileRef = FFA8ABFB2A2723E40008B0D2 /* hibahcodeTests.swift */; };
		FFA8AC062A2723E40008B0D2 /* hibahcodeUITests.swift in Sources */ = {isa = PBXBuildFile; fileRef = FFA8AC052A2723E40008B0D2 /* hibahcodeUITests.swift */; };
		FFA8AC082A2723E40008B0D2 /* hibahcodeUITestsLaunchTests.swift in Sources */ = {isa = PBXBuildFile; fileRef = FFA8AC072A2723E40008B0D2 /* hibahcodeUITestsLaunchTests.swift */; };
		FFA8AC1B2A2726160008B0D2 /* ImagePicker.swift in Sources */ = {isa = PBXBuildFile; fileRef = FFA8AC1A2A2726160008B0D2 /* ImagePicker.swift */; };
		FFA8AC1F2A27269D0008B0D2 /* OnBoardingView.swift in Sources */ = {isa = PBXBuildFile; fileRef = FFA8AC1E2A27269D0008B0D2 /* OnBoardingView.swift */; };
		FFA8AC202A27269D0008B0D2 /* OnBoardingView.swift in Sources */ = {isa = PBXBuildFile; fileRef = FFA8AC1E2A27269D0008B0D2 /* OnBoardingView.swift */; };
		FFA8AC212A27269D0008B0D2 /* OnBoardingView.swift in Sources */ = {isa = PBXBuildFile; fileRef = FFA8AC1E2A27269D0008B0D2 /* OnBoardingView.swift */; };
		FFA8AC2B2A2726BF0008B0D2 /* TabBarItem.swift in Sources */ = {isa = PBXBuildFile; fileRef = FFA8AC2A2A2726BF0008B0D2 /* TabBarItem.swift */; };
		FFA8AC2C2A2726BF0008B0D2 /* TabBarItem.swift in Sources */ = {isa = PBXBuildFile; fileRef = FFA8AC2A2A2726BF0008B0D2 /* TabBarItem.swift */; };
		FFA8AC2D2A2726BF0008B0D2 /* TabBarItem.swift in Sources */ = {isa = PBXBuildFile; fileRef = FFA8AC2A2A2726BF0008B0D2 /* TabBarItem.swift */; };
		FFA8AC332A2726DE0008B0D2 /* Assets.xcassets in Resources */ = {isa = PBXBuildFile; fileRef = FFA8AC322A2726DE0008B0D2 /* Assets.xcassets */; };
		FFA8AC342A2726DE0008B0D2 /* Assets.xcassets in Resources */ = {isa = PBXBuildFile; fileRef = FFA8AC322A2726DE0008B0D2 /* Assets.xcassets */; };
		FFA8AC352A2726DE0008B0D2 /* Assets.xcassets in Resources */ = {isa = PBXBuildFile; fileRef = FFA8AC322A2726DE0008B0D2 /* Assets.xcassets */; };
		FFA8AC372A273A070008B0D2 /* InformationView.swift in Sources */ = {isa = PBXBuildFile; fileRef = FFA8AC362A273A070008B0D2 /* InformationView.swift */; };
		FFA8AC382A273A070008B0D2 /* InformationView.swift in Sources */ = {isa = PBXBuildFile; fileRef = FFA8AC362A273A070008B0D2 /* InformationView.swift */; };
		FFA8AC392A273A070008B0D2 /* InformationView.swift in Sources */ = {isa = PBXBuildFile; fileRef = FFA8AC362A273A070008B0D2 /* InformationView.swift */; };
		FFA8AC3B2A273A110008B0D2 /* DataModwlLandmark.swift in Sources */ = {isa = PBXBuildFile; fileRef = FFA8AC3A2A273A110008B0D2 /* DataModwlLandmark.swift */; };
		FFA8AC3C2A273A110008B0D2 /* DataModwlLandmark.swift in Sources */ = {isa = PBXBuildFile; fileRef = FFA8AC3A2A273A110008B0D2 /* DataModwlLandmark.swift */; };
		FFA8AC3D2A273A110008B0D2 /* DataModwlLandmark.swift in Sources */ = {isa = PBXBuildFile; fileRef = FFA8AC3A2A273A110008B0D2 /* DataModwlLandmark.swift */; };
		FFAEC9DA2A3498480037AD21 /* GoogleService-Info.plist in Resources */ = {isa = PBXBuildFile; fileRef = FFAEC9D92A3498480037AD21 /* GoogleService-Info.plist */; };
/* End PBXBuildFile section */

/* Begin PBXContainerItemProxy section */
		FFA8ABF82A2723E40008B0D2 /* PBXContainerItemProxy */ = {
			isa = PBXContainerItemProxy;
			containerPortal = FFA8ABD92A2723E30008B0D2 /* Project object */;
			proxyType = 1;
			remoteGlobalIDString = FFA8ABE02A2723E30008B0D2;
			remoteInfo = hibahcode;
		};
		FFA8AC022A2723E40008B0D2 /* PBXContainerItemProxy */ = {
			isa = PBXContainerItemProxy;
			containerPortal = FFA8ABD92A2723E30008B0D2 /* Project object */;
			proxyType = 1;
			remoteGlobalIDString = FFA8ABE02A2723E30008B0D2;
			remoteInfo = hibahcode;
		};
/* End PBXContainerItemProxy section */

/* Begin PBXFileReference section */
		04B8C0122A2F1F0200269826 /* ModelData .swift */ = {isa = PBXFileReference; lastKnownFileType = sourcecode.swift; path = "ModelData .swift"; sourceTree = "<group>"; };
		04B8C0142A2F1F8A00269826 /* malmView.swift */ = {isa = PBXFileReference; lastKnownFileType = sourcecode.swift; path = malmView.swift; sourceTree = "<group>"; };
		04B8C0162A2F20EF00269826 /* infoView.swift */ = {isa = PBXFileReference; lastKnownFileType = sourcecode.swift; path = infoView.swift; sourceTree = "<group>"; };
		04B8C0182A2F211200269826 /* First.swift */ = {isa = PBXFileReference; lastKnownFileType = sourcecode.swift; path = First.swift; sourceTree = "<group>"; };
		04B8C01A2A2F213D00269826 /* PhotoView.swift */ = {isa = PBXFileReference; lastKnownFileType = sourcecode.swift; path = PhotoView.swift; sourceTree = "<group>"; };
		04B8C01C2A2F215C00269826 /* GridImageView.swift */ = {isa = PBXFileReference; lastKnownFileType = sourcecode.swift; path = GridImageView.swift; sourceTree = "<group>"; };
		04B8C01E2A2F21A400269826 /* listOf.swift */ = {isa = PBXFileReference; lastKnownFileType = sourcecode.swift; path = listOf.swift; sourceTree = "<group>"; };
		77450AB12A2FEF2B0013F03C /* Payments.storekit */ = {isa = PBXFileReference; lastKnownFileType = text; path = Payments.storekit; sourceTree = "<group>"; };
		77ABE35D2A2F9ACB0042776E /* paymentview.swift */ = {isa = PBXFileReference; lastKnownFileType = sourcecode.swift; path = paymentview.swift; sourceTree = "<group>"; };
		9B27B0432A33473300A9D371 /* LoginView.swift */ = {isa = PBXFileReference; lastKnownFileType = sourcecode.swift; path = LoginView.swift; sourceTree = "<group>"; };
		9B27B0472A33853F00A9D371 /* hibahcode.entitlements */ = {isa = PBXFileReference; lastKnownFileType = text.plist.entitlements; path = hibahcode.entitlements; sourceTree = "<group>"; };
		9B2A85392A34AF5A00F4BF0F /* ImagePredictor.swift */ = {isa = PBXFileReference; lastKnownFileType = sourcecode.swift; path = ImagePredictor.swift; sourceTree = "<group>"; };
		9BA887152A33BD490015D30C /* AuthViewModel.swift */ = {isa = PBXFileReference; lastKnownFileType = sourcecode.swift; path = AuthViewModel.swift; sourceTree = "<group>"; };
		9BA887172A347A740015D30C /* StoreViewModel.swift */ = {isa = PBXFileReference; lastKnownFileType = sourcecode.swift; path = StoreViewModel.swift; sourceTree = "<group>"; };
		9BA8871A2A3483C60015D30C /* UserData.swift */ = {isa = PBXFileReference; lastKnownFileType = sourcecode.swift; path = UserData.swift; sourceTree = "<group>"; };
		9BA8871C2A3483DB0015D30C /* LandmarkData.swift */ = {isa = PBXFileReference; lastKnownFileType = sourcecode.swift; path = LandmarkData.swift; sourceTree = "<group>"; };
		9BA887222A3486950015D30C /* OnboardingStep.swift */ = {isa = PBXFileReference; lastKnownFileType = sourcecode.swift; path = OnboardingStep.swift; sourceTree = "<group>"; };
		9BA887242A3487F60015D30C /* OnBoardingStepView.swift */ = {isa = PBXFileReference; lastKnownFileType = sourcecode.swift; path = OnBoardingStepView.swift; sourceTree = "<group>"; };
		9BA8872B2A348C3E0015D30C /* Launch Screen.storyboard */ = {isa = PBXFileReference; lastKnownFileType = file.storyboard; path = "Launch Screen.storyboard"; sourceTree = "<group>"; };
		B8D480C62A2FDD75000C988D /* PurchaseManager.swift */ = {isa = PBXFileReference; lastKnownFileType = sourcecode.swift; path = PurchaseManager.swift; sourceTree = "<group>"; };
		B8D480C82A2FDDA0000C988D /* EntitlementManager.swift */ = {isa = PBXFileReference; lastKnownFileType = sourcecode.swift; path = EntitlementManager.swift; sourceTree = "<group>"; };
		FF52F61E2A2B3B2600CB5E71 /* VisionClassifier.swift */ = {isa = PBXFileReference; fileEncoding = 4; lastKnownFileType = sourcecode.swift; path = VisionClassifier.swift; sourceTree = "<group>"; };
		FF52F6242A2B44CE00CB5E71 /* HistoryView.swift */ = {isa = PBXFileReference; fileEncoding = 4; lastKnownFileType = sourcecode.swift; path = HistoryView.swift; sourceTree = "<group>"; };
		FF52F62E2A2B618C00CB5E71 /* TabBarView.swift */ = {isa = PBXFileReference; fileEncoding = 4; lastKnownFileType = sourcecode.swift; path = TabBarView.swift; sourceTree = "<group>"; };
		FF52F6302A2B629800CB5E71 /* ImgeReco.swift */ = {isa = PBXFileReference; lastKnownFileType = sourcecode.swift; path = ImgeReco.swift; sourceTree = "<group>"; };
		FF85F2C32A321DFD007D9537 /* CoreMLAZ2030.mlmodel */ = {isa = PBXFileReference; lastKnownFileType = file.mlmodel; path = CoreMLAZ2030.mlmodel; sourceTree = "<group>"; };
		FF85F2C72A321F5A007D9537 /* secound.swift */ = {isa = PBXFileReference; fileEncoding = 4; lastKnownFileType = sourcecode.swift; path = secound.swift; sourceTree = "<group>"; };
		FF85F2CB2A321F73007D9537 /* imgviewotherimge.swift */ = {isa = PBXFileReference; fileEncoding = 4; lastKnownFileType = sourcecode.swift; path = imgviewotherimge.swift; sourceTree = "<group>"; };
		FF85F2CF2A321F88007D9537 /* GimgeView.swift */ = {isa = PBXFileReference; fileEncoding = 4; lastKnownFileType = sourcecode.swift; path = GimgeView.swift; sourceTree = "<group>"; };
		FFA8ABE12A2723E30008B0D2 /* hibahcode.app */ = {isa = PBXFileReference; explicitFileType = wrapper.application; includeInIndex = 0; path = hibahcode.app; sourceTree = BUILT_PRODUCTS_DIR; };
		FFA8ABE42A2723E30008B0D2 /* hibahcodeApp.swift */ = {isa = PBXFileReference; lastKnownFileType = sourcecode.swift; path = hibahcodeApp.swift; sourceTree = "<group>"; };
		FFA8ABE62A2723E30008B0D2 /* ContentView.swift */ = {isa = PBXFileReference; lastKnownFileType = sourcecode.swift; path = ContentView.swift; sourceTree = "<group>"; };
		FFA8ABEB2A2723E40008B0D2 /* Preview Assets.xcassets */ = {isa = PBXFileReference; lastKnownFileType = folder.assetcatalog; path = "Preview Assets.xcassets"; sourceTree = "<group>"; };
		FFA8ABF22A2723E40008B0D2 /* Info.plist */ = {isa = PBXFileReference; lastKnownFileType = text.plist.xml; path = Info.plist; sourceTree = "<group>"; };
		FFA8ABF72A2723E40008B0D2 /* hibahcodeTests.xctest */ = {isa = PBXFileReference; explicitFileType = wrapper.cfbundle; includeInIndex = 0; path = hibahcodeTests.xctest; sourceTree = BUILT_PRODUCTS_DIR; };
		FFA8ABFB2A2723E40008B0D2 /* hibahcodeTests.swift */ = {isa = PBXFileReference; lastKnownFileType = sourcecode.swift; path = hibahcodeTests.swift; sourceTree = "<group>"; };
		FFA8AC012A2723E40008B0D2 /* hibahcodeUITests.xctest */ = {isa = PBXFileReference; explicitFileType = wrapper.cfbundle; includeInIndex = 0; path = hibahcodeUITests.xctest; sourceTree = BUILT_PRODUCTS_DIR; };
		FFA8AC052A2723E40008B0D2 /* hibahcodeUITests.swift */ = {isa = PBXFileReference; lastKnownFileType = sourcecode.swift; path = hibahcodeUITests.swift; sourceTree = "<group>"; };
		FFA8AC072A2723E40008B0D2 /* hibahcodeUITestsLaunchTests.swift */ = {isa = PBXFileReference; lastKnownFileType = sourcecode.swift; path = hibahcodeUITestsLaunchTests.swift; sourceTree = "<group>"; };
		FFA8AC1A2A2726160008B0D2 /* ImagePicker.swift */ = {isa = PBXFileReference; fileEncoding = 4; lastKnownFileType = sourcecode.swift; path = ImagePicker.swift; sourceTree = "<group>"; };
		FFA8AC1E2A27269D0008B0D2 /* OnBoardingView.swift */ = {isa = PBXFileReference; fileEncoding = 4; lastKnownFileType = sourcecode.swift; path = OnBoardingView.swift; sourceTree = "<group>"; };
		FFA8AC2A2A2726BF0008B0D2 /* TabBarItem.swift */ = {isa = PBXFileReference; fileEncoding = 4; lastKnownFileType = sourcecode.swift; path = TabBarItem.swift; sourceTree = "<group>"; };
		FFA8AC322A2726DE0008B0D2 /* Assets.xcassets */ = {isa = PBXFileReference; lastKnownFileType = folder.assetcatalog; path = Assets.xcassets; sourceTree = "<group>"; };
		FFA8AC362A273A070008B0D2 /* InformationView.swift */ = {isa = PBXFileReference; fileEncoding = 4; lastKnownFileType = sourcecode.swift; path = InformationView.swift; sourceTree = "<group>"; };
		FFA8AC3A2A273A110008B0D2 /* DataModwlLandmark.swift */ = {isa = PBXFileReference; fileEncoding = 4; lastKnownFileType = sourcecode.swift; path = DataModwlLandmark.swift; sourceTree = "<group>"; };
		FFAEC9D92A3498480037AD21 /* GoogleService-Info.plist */ = {isa = PBXFileReference; fileEncoding = 4; lastKnownFileType = text.plist.xml; path = "GoogleService-Info.plist"; sourceTree = "<group>"; };
/* End PBXFileReference section */

/* Begin PBXFrameworksBuildPhase section */
		FFA8ABDE2A2723E30008B0D2 /* Frameworks */ = {
			isa = PBXFrameworksBuildPhase;
			buildActionMask = 2147483647;
			files = (
				9B27B0392A33464700A9D371 /* FirebaseAuth in Frameworks */,
				9B27B03F2A33464700A9D371 /* FirebaseStorage in Frameworks */,
				9B27B0412A33464700A9D371 /* FirebaseStorageCombine-Community in Frameworks */,
				9B27B03B2A33464700A9D371 /* FirebaseFirestore in Frameworks */,
				9B27B03D2A33464700A9D371 /* FirebaseFirestoreSwift in Frameworks */,
			);
			runOnlyForDeploymentPostprocessing = 0;
		};
		FFA8ABF42A2723E40008B0D2 /* Frameworks */ = {
			isa = PBXFrameworksBuildPhase;
			buildActionMask = 2147483647;
			files = (
			);
			runOnlyForDeploymentPostprocessing = 0;
		};
		FFA8ABFE2A2723E40008B0D2 /* Frameworks */ = {
			isa = PBXFrameworksBuildPhase;
			buildActionMask = 2147483647;
			files = (
			);
			runOnlyForDeploymentPostprocessing = 0;
		};
/* End PBXFrameworksBuildPhase section */

/* Begin PBXGroup section */
		77450AAB2A2FD7300013F03C /* Frameworks */ = {
			isa = PBXGroup;
			children = (
			);
			name = Frameworks;
			sourceTree = "<group>";
		};
		9B27B0422A33472900A9D371 /* Login */ = {
			isa = PBXGroup;
			children = (
				9B27B0432A33473300A9D371 /* LoginView.swift */,
			);
			path = Login;
			sourceTree = "<group>";
		};
		9BA887192A3483BE0015D30C /* Models */ = {
			isa = PBXGroup;
			children = (
				9BA8871A2A3483C60015D30C /* UserData.swift */,
				9BA8871C2A3483DB0015D30C /* LandmarkData.swift */,
				9BA887222A3486950015D30C /* OnboardingStep.swift */,
			);
			path = Models;
			sourceTree = "<group>";
		};
		9BA8871E2A34844E0015D30C /* ViewModels */ = {
			isa = PBXGroup;
			children = (
				FF52F61E2A2B3B2600CB5E71 /* VisionClassifier.swift */,
				9BA887172A347A740015D30C /* StoreViewModel.swift */,
				9BA887152A33BD490015D30C /* AuthViewModel.swift */,
				9B2A85392A34AF5A00F4BF0F /* ImagePredictor.swift */,
			);
			path = ViewModels;
			sourceTree = "<group>";
		};
		9BA8871F2A3486180015D30C /* Views */ = {
			isa = PBXGroup;
			children = (
				9BA887212A3486560015D30C /* Onboarding */,
				9BA887202A34862F0015D30C /* Tabs */,
				9B27B0422A33472900A9D371 /* Login */,
				FFA8ABE62A2723E30008B0D2 /* ContentView.swift */,
				FF52F62E2A2B618C00CB5E71 /* TabBarView.swift */,
			);
			path = Views;
			sourceTree = "<group>";
		};
		9BA887202A34862F0015D30C /* Tabs */ = {
			isa = PBXGroup;
			children = (
				9BA887292A348B990015D30C /* Classify */,
				9BA887282A348B830015D30C /* Explore */,
				9BA887262A348B5D0015D30C /* History */,
				9BA887272A348B690015D30C /* Subscription */,
			);
			path = Tabs;
			sourceTree = "<group>";
		};
		9BA887212A3486560015D30C /* Onboarding */ = {
			isa = PBXGroup;
			children = (
				FFA8AC1E2A27269D0008B0D2 /* OnBoardingView.swift */,
				9BA887242A3487F60015D30C /* OnBoardingStepView.swift */,
			);
			path = Onboarding;
			sourceTree = "<group>";
		};
		9BA887262A348B5D0015D30C /* History */ = {
			isa = PBXGroup;
			children = (
				FF52F6242A2B44CE00CB5E71 /* HistoryView.swift */,
			);
			path = History;
			sourceTree = "<group>";
		};
		9BA887272A348B690015D30C /* Subscription */ = {
			isa = PBXGroup;
			children = (
				77ABE35D2A2F9ACB0042776E /* paymentview.swift */,
			);
			path = Subscription;
			sourceTree = "<group>";
		};
		9BA887282A348B830015D30C /* Explore */ = {
			isa = PBXGroup;
			children = (
			);
			path = Explore;
			sourceTree = "<group>";
		};
		9BA887292A348B990015D30C /* Classify */ = {
			isa = PBXGroup;
			children = (
				FF52F6302A2B629800CB5E71 /* ImgeReco.swift */,
				FFA8AC1A2A2726160008B0D2 /* ImagePicker.swift */,
			);
			path = Classify;
			sourceTree = "<group>";
		};
		FF85F2D32A3223A0007D9537 /* landmarkgroup */ = {
			isa = PBXGroup;
			children = (
				FFA8AC3A2A273A110008B0D2 /* DataModwlLandmark.swift */,
				FFA8AC362A273A070008B0D2 /* InformationView.swift */,
				FF85F2C72A321F5A007D9537 /* secound.swift */,
				FF85F2CB2A321F73007D9537 /* imgviewotherimge.swift */,
				FF85F2CF2A321F88007D9537 /* GimgeView.swift */,
			);
			path = landmarkgroup;
			sourceTree = "<group>";
		};
		FF85F2D42A3223D6007D9537 /* malamgroup */ = {
			isa = PBXGroup;
			children = (
				04B8C0122A2F1F0200269826 /* ModelData .swift */,
				04B8C0162A2F20EF00269826 /* infoView.swift */,
				04B8C0182A2F211200269826 /* First.swift */,
				04B8C01A2A2F213D00269826 /* PhotoView.swift */,
				04B8C01C2A2F215C00269826 /* GridImageView.swift */,
				04B8C01E2A2F21A400269826 /* listOf.swift */,
				04B8C0142A2F1F8A00269826 /* malmView.swift */,
			);
			path = malamgroup;
			sourceTree = "<group>";
		};
		FFA8ABD82A2723E30008B0D2 = {
			isa = PBXGroup;
			children = (
				FFA8ABE32A2723E30008B0D2 /* hibahcode */,
				FFA8ABFA2A2723E40008B0D2 /* hibahcodeTests */,
				FFA8AC042A2723E40008B0D2 /* hibahcodeUITests */,
				FFA8ABE22A2723E30008B0D2 /* Products */,
				77450AAB2A2FD7300013F03C /* Frameworks */,
			);
			sourceTree = "<group>";
		};
		FFA8ABE22A2723E30008B0D2 /* Products */ = {
			isa = PBXGroup;
			children = (
				FFA8ABE12A2723E30008B0D2 /* hibahcode.app */,
				FFA8ABF72A2723E40008B0D2 /* hibahcodeTests.xctest */,
				FFA8AC012A2723E40008B0D2 /* hibahcodeUITests.xctest */,
			);
			name = Products;
			sourceTree = "<group>";
		};
		FFA8ABE32A2723E30008B0D2 /* hibahcode */ = {
			isa = PBXGroup;
			children = (
				FFAEC9D92A3498480037AD21 /* GoogleService-Info.plist */,
				9BA8872B2A348C3E0015D30C /* Launch Screen.storyboard */,
				9BA8871F2A3486180015D30C /* Views */,
				9BA8871E2A34844E0015D30C /* ViewModels */,
				9BA887192A3483BE0015D30C /* Models */,
				9B27B0472A33853F00A9D371 /* hibahcode.entitlements */,
				FFA8ABE42A2723E30008B0D2 /* hibahcodeApp.swift */,
				FFA8AC2A2A2726BF0008B0D2 /* TabBarItem.swift */,
				FF85F2D32A3223A0007D9537 /* landmarkgroup */,
				FF85F2D42A3223D6007D9537 /* malamgroup */,
				FF85F2C32A321DFD007D9537 /* CoreMLAZ2030.mlmodel */,
				FFA8AC322A2726DE0008B0D2 /* Assets.xcassets */,
				FFA8ABF22A2723E40008B0D2 /* Info.plist */,
				FFA8ABEA2A2723E40008B0D2 /* Preview Content */,
				B8D480C62A2FDD75000C988D /* PurchaseManager.swift */,
				B8D480C82A2FDDA0000C988D /* EntitlementManager.swift */,
				77450AB12A2FEF2B0013F03C /* Payments.storekit */,
			);
			path = hibahcode;
			sourceTree = "<group>";
		};
		FFA8ABEA2A2723E40008B0D2 /* Preview Content */ = {
			isa = PBXGroup;
			children = (
				FFA8ABEB2A2723E40008B0D2 /* Preview Assets.xcassets */,
			);
			path = "Preview Content";
			sourceTree = "<group>";
		};
		FFA8ABFA2A2723E40008B0D2 /* hibahcodeTests */ = {
			isa = PBXGroup;
			children = (
				FFA8ABFB2A2723E40008B0D2 /* hibahcodeTests.swift */,
			);
			path = hibahcodeTests;
			sourceTree = "<group>";
		};
		FFA8AC042A2723E40008B0D2 /* hibahcodeUITests */ = {
			isa = PBXGroup;
			children = (
				FFA8AC052A2723E40008B0D2 /* hibahcodeUITests.swift */,
				FFA8AC072A2723E40008B0D2 /* hibahcodeUITestsLaunchTests.swift */,
			);
			path = hibahcodeUITests;
			sourceTree = "<group>";
		};
/* End PBXGroup section */

/* Begin PBXNativeTarget section */
		FFA8ABE02A2723E30008B0D2 /* hibahcode */ = {
			isa = PBXNativeTarget;
			buildConfigurationList = FFA8AC0B2A2723E40008B0D2 /* Build configuration list for PBXNativeTarget "hibahcode" */;
			buildPhases = (
				FFA8ABDD2A2723E30008B0D2 /* Sources */,
				FFA8ABDE2A2723E30008B0D2 /* Frameworks */,
				FFA8ABDF2A2723E30008B0D2 /* Resources */,
			);
			buildRules = (
			);
			dependencies = (
			);
			name = hibahcode;
			packageProductDependencies = (
				9B27B0382A33464700A9D371 /* FirebaseAuth */,
				9B27B03A2A33464700A9D371 /* FirebaseFirestore */,
				9B27B03C2A33464700A9D371 /* FirebaseFirestoreSwift */,
				9B27B03E2A33464700A9D371 /* FirebaseStorage */,
				9B27B0402A33464700A9D371 /* FirebaseStorageCombine-Community */,
			);
			productName = hibahcode;
			productReference = FFA8ABE12A2723E30008B0D2 /* hibahcode.app */;
			productType = "com.apple.product-type.application";
		};
		FFA8ABF62A2723E40008B0D2 /* hibahcodeTests */ = {
			isa = PBXNativeTarget;
			buildConfigurationList = FFA8AC0E2A2723E40008B0D2 /* Build configuration list for PBXNativeTarget "hibahcodeTests" */;
			buildPhases = (
				FFA8ABF32A2723E40008B0D2 /* Sources */,
				FFA8ABF42A2723E40008B0D2 /* Frameworks */,
				FFA8ABF52A2723E40008B0D2 /* Resources */,
			);
			buildRules = (
			);
			dependencies = (
				FFA8ABF92A2723E40008B0D2 /* PBXTargetDependency */,
			);
			name = hibahcodeTests;
			productName = hibahcodeTests;
			productReference = FFA8ABF72A2723E40008B0D2 /* hibahcodeTests.xctest */;
			productType = "com.apple.product-type.bundle.unit-test";
		};
		FFA8AC002A2723E40008B0D2 /* hibahcodeUITests */ = {
			isa = PBXNativeTarget;
			buildConfigurationList = FFA8AC112A2723E40008B0D2 /* Build configuration list for PBXNativeTarget "hibahcodeUITests" */;
			buildPhases = (
				FFA8ABFD2A2723E40008B0D2 /* Sources */,
				FFA8ABFE2A2723E40008B0D2 /* Frameworks */,
				FFA8ABFF2A2723E40008B0D2 /* Resources */,
			);
			buildRules = (
			);
			dependencies = (
				FFA8AC032A2723E40008B0D2 /* PBXTargetDependency */,
			);
			name = hibahcodeUITests;
			productName = hibahcodeUITests;
			productReference = FFA8AC012A2723E40008B0D2 /* hibahcodeUITests.xctest */;
			productType = "com.apple.product-type.bundle.ui-testing";
		};
/* End PBXNativeTarget section */

/* Begin PBXProject section */
		FFA8ABD92A2723E30008B0D2 /* Project object */ = {
			isa = PBXProject;
			attributes = {
				BuildIndependentTargetsInParallel = 1;
				LastSwiftUpdateCheck = 1420;
				LastUpgradeCheck = 1420;
				TargetAttributes = {
					FFA8ABE02A2723E30008B0D2 = {
						CreatedOnToolsVersion = 14.2;
					};
					FFA8ABF62A2723E40008B0D2 = {
						CreatedOnToolsVersion = 14.2;
						TestTargetID = FFA8ABE02A2723E30008B0D2;
					};
					FFA8AC002A2723E40008B0D2 = {
						CreatedOnToolsVersion = 14.2;
						TestTargetID = FFA8ABE02A2723E30008B0D2;
					};
				};
			};
			buildConfigurationList = FFA8ABDC2A2723E30008B0D2 /* Build configuration list for PBXProject "hibahcode" */;
			compatibilityVersion = "Xcode 14.0";
			developmentRegion = en;
			hasScannedForEncodings = 0;
			knownRegions = (
				en,
				Base,
			);
			mainGroup = FFA8ABD82A2723E30008B0D2;
			packageReferences = (
				9B27B0372A33464700A9D371 /* XCRemoteSwiftPackageReference "firebase-ios-sdk" */,
			);
			productRefGroup = FFA8ABE22A2723E30008B0D2 /* Products */;
			projectDirPath = "";
			projectRoot = "";
			targets = (
				FFA8ABE02A2723E30008B0D2 /* hibahcode */,
				FFA8ABF62A2723E40008B0D2 /* hibahcodeTests */,
				FFA8AC002A2723E40008B0D2 /* hibahcodeUITests */,
			);
		};
/* End PBXProject section */

/* Begin PBXResourcesBuildPhase section */
		FFA8ABDF2A2723E30008B0D2 /* Resources */ = {
			isa = PBXResourcesBuildPhase;
			buildActionMask = 2147483647;
			files = (
				FFA8AC332A2726DE0008B0D2 /* Assets.xcassets in Resources */,
				FFA8ABEC2A2723E40008B0D2 /* Preview Assets.xcassets in Resources */,
				FFAEC9DA2A3498480037AD21 /* GoogleService-Info.plist in Resources */,
				9BA8872C2A348C3E0015D30C /* Launch Screen.storyboard in Resources */,
			);
			runOnlyForDeploymentPostprocessing = 0;
		};
		FFA8ABF52A2723E40008B0D2 /* Resources */ = {
			isa = PBXResourcesBuildPhase;
			buildActionMask = 2147483647;
			files = (
				FFA8AC342A2726DE0008B0D2 /* Assets.xcassets in Resources */,
			);
			runOnlyForDeploymentPostprocessing = 0;
		};
		FFA8ABFF2A2723E40008B0D2 /* Resources */ = {
			isa = PBXResourcesBuildPhase;
			buildActionMask = 2147483647;
			files = (
				FFA8AC352A2726DE0008B0D2 /* Assets.xcassets in Resources */,
			);
			runOnlyForDeploymentPostprocessing = 0;
		};
/* End PBXResourcesBuildPhase section */

/* Begin PBXSourcesBuildPhase section */
		FFA8ABDD2A2723E30008B0D2 /* Sources */ = {
			isa = PBXSourcesBuildPhase;
			buildActionMask = 2147483647;
			files = (
				FFA8AC1F2A27269D0008B0D2 /* OnBoardingView.swift in Sources */,
				FFA8AC2B2A2726BF0008B0D2 /* TabBarItem.swift in Sources */,
				FF85F2CC2A321F73007D9537 /* imgviewotherimge.swift in Sources */,
				FFA8AC3B2A273A110008B0D2 /* DataModwlLandmark.swift in Sources */,
				FF85F2D02A321F88007D9537 /* GimgeView.swift in Sources */,
				FFA8AC1B2A2726160008B0D2 /* ImagePicker.swift in Sources */,
				FF85F2C42A321DFD007D9537 /* CoreMLAZ2030.mlmodel in Sources */,
				9B2A853A2A34AF5A00F4BF0F /* ImagePredictor.swift in Sources */,
				04B8C01B2A2F213D00269826 /* PhotoView.swift in Sources */,
				9BA887182A347A740015D30C /* StoreViewModel.swift in Sources */,
				FFA8AC372A273A070008B0D2 /* InformationView.swift in Sources */,
				04B8C0192A2F211200269826 /* First.swift in Sources */,
				77ABE35E2A2F9ACB0042776E /* paymentview.swift in Sources */,
				FFA8ABE72A2723E30008B0D2 /* ContentView.swift in Sources */,
				9BA887252A3487F60015D30C /* OnBoardingStepView.swift in Sources */,
				FF52F61F2A2B3B2600CB5E71 /* VisionClassifier.swift in Sources */,
				B8D480C72A2FDD75000C988D /* PurchaseManager.swift in Sources */,
				04B8C01F2A2F21A400269826 /* listOf.swift in Sources */,
				B8D480C92A2FDDA0000C988D /* EntitlementManager.swift in Sources */,
				04B8C0132A2F1F0200269826 /* ModelData .swift in Sources */,
				04B8C0152A2F1F8A00269826 /* malmView.swift in Sources */,
				9BA8871D2A3483DB0015D30C /* LandmarkData.swift in Sources */,
				FF85F2C82A321F5A007D9537 /* secound.swift in Sources */,
				9BA887232A3486950015D30C /* OnboardingStep.swift in Sources */,
				9BA887162A33BD490015D30C /* AuthViewModel.swift in Sources */,
				FF52F6312A2B629800CB5E71 /* ImgeReco.swift in Sources */,
				9BA8871B2A3483C60015D30C /* UserData.swift in Sources */,
				9B27B0442A33473300A9D371 /* LoginView.swift in Sources */,
				FF52F6252A2B44CE00CB5E71 /* HistoryView.swift in Sources */,
				FF52F62F2A2B618C00CB5E71 /* TabBarView.swift in Sources */,
				04B8C0172A2F20EF00269826 /* infoView.swift in Sources */,
				04B8C01D2A2F215C00269826 /* GridImageView.swift in Sources */,
				FFA8ABE52A2723E30008B0D2 /* hibahcodeApp.swift in Sources */,
			);
			runOnlyForDeploymentPostprocessing = 0;
		};
		FFA8ABF32A2723E40008B0D2 /* Sources */ = {
			isa = PBXSourcesBuildPhase;
			buildActionMask = 2147483647;
			files = (
				FF85F2C92A321F5A007D9537 /* secound.swift in Sources */,
				FFA8AC202A27269D0008B0D2 /* OnBoardingView.swift in Sources */,
				FFA8AC3C2A273A110008B0D2 /* DataModwlLandmark.swift in Sources */,
				FFA8ABFC2A2723E40008B0D2 /* hibahcodeTests.swift in Sources */,
				FF85F2CD2A321F73007D9537 /* imgviewotherimge.swift in Sources */,
				FF85F2D12A321F88007D9537 /* GimgeView.swift in Sources */,
				FFA8AC2C2A2726BF0008B0D2 /* TabBarItem.swift in Sources */,
				FFA8AC382A273A070008B0D2 /* InformationView.swift in Sources */,
				FF85F2C52A321DFD007D9537 /* CoreMLAZ2030.mlmodel in Sources */,
			);
			runOnlyForDeploymentPostprocessing = 0;
		};
		FFA8ABFD2A2723E40008B0D2 /* Sources */ = {
			isa = PBXSourcesBuildPhase;
			buildActionMask = 2147483647;
			files = (
				FFA8AC3D2A273A110008B0D2 /* DataModwlLandmark.swift in Sources */,
				FF85F2CA2A321F5A007D9537 /* secound.swift in Sources */,
				FFA8AC082A2723E40008B0D2 /* hibahcodeUITestsLaunchTests.swift in Sources */,
				FF85F2D22A321F88007D9537 /* GimgeView.swift in Sources */,
				FFA8AC392A273A070008B0D2 /* InformationView.swift in Sources */,
				FFA8AC212A27269D0008B0D2 /* OnBoardingView.swift in Sources */,
				FFA8AC2D2A2726BF0008B0D2 /* TabBarItem.swift in Sources */,
				FF85F2CE2A321F73007D9537 /* imgviewotherimge.swift in Sources */,
				FF85F2C62A321DFD007D9537 /* CoreMLAZ2030.mlmodel in Sources */,
				FFA8AC062A2723E40008B0D2 /* hibahcodeUITests.swift in Sources */,
			);
			runOnlyForDeploymentPostprocessing = 0;
		};
/* End PBXSourcesBuildPhase section */

/* Begin PBXTargetDependency section */
		FFA8ABF92A2723E40008B0D2 /* PBXTargetDependency */ = {
			isa = PBXTargetDependency;
			target = FFA8ABE02A2723E30008B0D2 /* hibahcode */;
			targetProxy = FFA8ABF82A2723E40008B0D2 /* PBXContainerItemProxy */;
		};
		FFA8AC032A2723E40008B0D2 /* PBXTargetDependency */ = {
			isa = PBXTargetDependency;
			target = FFA8ABE02A2723E30008B0D2 /* hibahcode */;
			targetProxy = FFA8AC022A2723E40008B0D2 /* PBXContainerItemProxy */;
		};
/* End PBXTargetDependency section */

/* Begin XCBuildConfiguration section */
		FFA8AC092A2723E40008B0D2 /* Debug */ = {
			isa = XCBuildConfiguration;
			buildSettings = {
				ALWAYS_SEARCH_USER_PATHS = NO;
				CLANG_ANALYZER_NONNULL = YES;
				CLANG_ANALYZER_NUMBER_OBJECT_CONVERSION = YES_AGGRESSIVE;
				CLANG_CXX_LANGUAGE_STANDARD = "gnu++20";
				CLANG_ENABLE_MODULES = YES;
				CLANG_ENABLE_OBJC_ARC = YES;
				CLANG_ENABLE_OBJC_WEAK = YES;
				CLANG_WARN_BLOCK_CAPTURE_AUTORELEASING = YES;
				CLANG_WARN_BOOL_CONVERSION = YES;
				CLANG_WARN_COMMA = YES;
				CLANG_WARN_CONSTANT_CONVERSION = YES;
				CLANG_WARN_DEPRECATED_OBJC_IMPLEMENTATIONS = YES;
				CLANG_WARN_DIRECT_OBJC_ISA_USAGE = YES_ERROR;
				CLANG_WARN_DOCUMENTATION_COMMENTS = YES;
				CLANG_WARN_EMPTY_BODY = YES;
				CLANG_WARN_ENUM_CONVERSION = YES;
				CLANG_WARN_INFINITE_RECURSION = YES;
				CLANG_WARN_INT_CONVERSION = YES;
				CLANG_WARN_NON_LITERAL_NULL_CONVERSION = YES;
				CLANG_WARN_OBJC_IMPLICIT_RETAIN_SELF = YES;
				CLANG_WARN_OBJC_LITERAL_CONVERSION = YES;
				CLANG_WARN_OBJC_ROOT_CLASS = YES_ERROR;
				CLANG_WARN_QUOTED_INCLUDE_IN_FRAMEWORK_HEADER = YES;
				CLANG_WARN_RANGE_LOOP_ANALYSIS = YES;
				CLANG_WARN_STRICT_PROTOTYPES = YES;
				CLANG_WARN_SUSPICIOUS_MOVE = YES;
				CLANG_WARN_UNGUARDED_AVAILABILITY = YES_AGGRESSIVE;
				CLANG_WARN_UNREACHABLE_CODE = YES;
				CLANG_WARN__DUPLICATE_METHOD_MATCH = YES;
				COPY_PHASE_STRIP = NO;
				DEBUG_INFORMATION_FORMAT = dwarf;
				ENABLE_STRICT_OBJC_MSGSEND = YES;
				ENABLE_TESTABILITY = YES;
				GCC_C_LANGUAGE_STANDARD = gnu11;
				GCC_DYNAMIC_NO_PIC = NO;
				GCC_NO_COMMON_BLOCKS = YES;
				GCC_OPTIMIZATION_LEVEL = 0;
				GCC_PREPROCESSOR_DEFINITIONS = (
					"DEBUG=1",
					"$(inherited)",
				);
				GCC_WARN_64_TO_32_BIT_CONVERSION = YES;
				GCC_WARN_ABOUT_RETURN_TYPE = YES_ERROR;
				GCC_WARN_UNDECLARED_SELECTOR = YES;
				GCC_WARN_UNINITIALIZED_AUTOS = YES_AGGRESSIVE;
				GCC_WARN_UNUSED_FUNCTION = YES;
				GCC_WARN_UNUSED_VARIABLE = YES;
				IPHONEOS_DEPLOYMENT_TARGET = 16.2;
				MTL_ENABLE_DEBUG_INFO = INCLUDE_SOURCE;
				MTL_FAST_MATH = YES;
				ONLY_ACTIVE_ARCH = YES;
				SDKROOT = iphoneos;
				SWIFT_ACTIVE_COMPILATION_CONDITIONS = DEBUG;
				SWIFT_OPTIMIZATION_LEVEL = "-Onone";
			};
			name = Debug;
		};
		FFA8AC0A2A2723E40008B0D2 /* Release */ = {
			isa = XCBuildConfiguration;
			buildSettings = {
				ALWAYS_SEARCH_USER_PATHS = NO;
				CLANG_ANALYZER_NONNULL = YES;
				CLANG_ANALYZER_NUMBER_OBJECT_CONVERSION = YES_AGGRESSIVE;
				CLANG_CXX_LANGUAGE_STANDARD = "gnu++20";
				CLANG_ENABLE_MODULES = YES;
				CLANG_ENABLE_OBJC_ARC = YES;
				CLANG_ENABLE_OBJC_WEAK = YES;
				CLANG_WARN_BLOCK_CAPTURE_AUTORELEASING = YES;
				CLANG_WARN_BOOL_CONVERSION = YES;
				CLANG_WARN_COMMA = YES;
				CLANG_WARN_CONSTANT_CONVERSION = YES;
				CLANG_WARN_DEPRECATED_OBJC_IMPLEMENTATIONS = YES;
				CLANG_WARN_DIRECT_OBJC_ISA_USAGE = YES_ERROR;
				CLANG_WARN_DOCUMENTATION_COMMENTS = YES;
				CLANG_WARN_EMPTY_BODY = YES;
				CLANG_WARN_ENUM_CONVERSION = YES;
				CLANG_WARN_INFINITE_RECURSION = YES;
				CLANG_WARN_INT_CONVERSION = YES;
				CLANG_WARN_NON_LITERAL_NULL_CONVERSION = YES;
				CLANG_WARN_OBJC_IMPLICIT_RETAIN_SELF = YES;
				CLANG_WARN_OBJC_LITERAL_CONVERSION = YES;
				CLANG_WARN_OBJC_ROOT_CLASS = YES_ERROR;
				CLANG_WARN_QUOTED_INCLUDE_IN_FRAMEWORK_HEADER = YES;
				CLANG_WARN_RANGE_LOOP_ANALYSIS = YES;
				CLANG_WARN_STRICT_PROTOTYPES = YES;
				CLANG_WARN_SUSPICIOUS_MOVE = YES;
				CLANG_WARN_UNGUARDED_AVAILABILITY = YES_AGGRESSIVE;
				CLANG_WARN_UNREACHABLE_CODE = YES;
				CLANG_WARN__DUPLICATE_METHOD_MATCH = YES;
				COPY_PHASE_STRIP = NO;
				DEBUG_INFORMATION_FORMAT = "dwarf-with-dsym";
				ENABLE_NS_ASSERTIONS = NO;
				ENABLE_STRICT_OBJC_MSGSEND = YES;
				GCC_C_LANGUAGE_STANDARD = gnu11;
				GCC_NO_COMMON_BLOCKS = YES;
				GCC_WARN_64_TO_32_BIT_CONVERSION = YES;
				GCC_WARN_ABOUT_RETURN_TYPE = YES_ERROR;
				GCC_WARN_UNDECLARED_SELECTOR = YES;
				GCC_WARN_UNINITIALIZED_AUTOS = YES_AGGRESSIVE;
				GCC_WARN_UNUSED_FUNCTION = YES;
				GCC_WARN_UNUSED_VARIABLE = YES;
				IPHONEOS_DEPLOYMENT_TARGET = 16.2;
				MTL_ENABLE_DEBUG_INFO = NO;
				MTL_FAST_MATH = YES;
				SDKROOT = iphoneos;
				SWIFT_COMPILATION_MODE = wholemodule;
				SWIFT_OPTIMIZATION_LEVEL = "-O";
				VALIDATE_PRODUCT = YES;
			};
			name = Release;
		};
		FFA8AC0C2A2723E40008B0D2 /* Debug */ = {
			isa = XCBuildConfiguration;
			buildSettings = {
				ASSETCATALOG_COMPILER_APPICON_NAME = AppIcon;
				ASSETCATALOG_COMPILER_GLOBAL_ACCENT_COLOR_NAME = AccentColor;
				CODE_SIGN_ENTITLEMENTS = hibahcode/hibahcode.entitlements;
				CODE_SIGN_IDENTITY = "Apple Development";
				CODE_SIGN_STYLE = Automatic;
				CURRENT_PROJECT_VERSION = 1;
				DEVELOPMENT_ASSET_PATHS = "\"hibahcode/Preview Content\"";
				DEVELOPMENT_TEAM = 5B7QT3F769;
				ENABLE_PREVIEWS = YES;
				GENERATE_INFOPLIST_FILE = YES;
				INFOPLIST_FILE = hibahcode/Info.plist;
				INFOPLIST_KEY_NSCameraUsageDescription = "use camera to take photo of landmark";
				INFOPLIST_KEY_UIApplicationSceneManifest_Generation = YES;
				INFOPLIST_KEY_UIApplicationSupportsIndirectInputEvents = YES;
				INFOPLIST_KEY_UILaunchScreen_Generation = YES;
				INFOPLIST_KEY_UILaunchStoryboardName = "Launch Screen.storyboard";
				INFOPLIST_KEY_UISupportedInterfaceOrientations_iPad = "UIInterfaceOrientationPortrait UIInterfaceOrientationPortraitUpsideDown UIInterfaceOrientationLandscapeLeft UIInterfaceOrientationLandscapeRight";
				INFOPLIST_KEY_UISupportedInterfaceOrientations_iPhone = "UIInterfaceOrientationPortrait UIInterfaceOrientationLandscapeLeft UIInterfaceOrientationLandscapeRight";
				IPHONEOS_DEPLOYMENT_TARGET = 16.0;
				LD_RUNPATH_SEARCH_PATHS = (
					"$(inherited)",
					"@executable_path/Frameworks",
				);
				MARKETING_VERSION = 1.0;
				PRODUCT_BUNDLE_IDENTIFIER = azizah.alshami;
				PRODUCT_NAME = "$(TARGET_NAME)";
				PROVISIONING_PROFILE_SPECIFIER = "";
				SUPPORTED_PLATFORMS = "iphoneos iphonesimulator";
				SUPPORTS_MACCATALYST = NO;
				SUPPORTS_MAC_DESIGNED_FOR_IPHONE_IPAD = NO;
				SWIFT_EMIT_LOC_STRINGS = YES;
				SWIFT_VERSION = 5.0;
				TARGETED_DEVICE_FAMILY = "1,2";
			};
			name = Debug;
		};
		FFA8AC0D2A2723E40008B0D2 /* Release */ = {
			isa = XCBuildConfiguration;
			buildSettings = {
				ASSETCATALOG_COMPILER_APPICON_NAME = AppIcon;
				ASSETCATALOG_COMPILER_GLOBAL_ACCENT_COLOR_NAME = AccentColor;
				CODE_SIGN_ENTITLEMENTS = hibahcode/hibahcode.entitlements;
				CODE_SIGN_IDENTITY = "Apple Development";
				CODE_SIGN_STYLE = Automatic;
				CURRENT_PROJECT_VERSION = 1;
				DEVELOPMENT_ASSET_PATHS = "\"hibahcode/Preview Content\"";
				DEVELOPMENT_TEAM = 5B7QT3F769;
				ENABLE_PREVIEWS = YES;
				GENERATE_INFOPLIST_FILE = YES;
				INFOPLIST_FILE = hibahcode/Info.plist;
				INFOPLIST_KEY_NSCameraUsageDescription = "use camera to take photo of landmark";
				INFOPLIST_KEY_UIApplicationSceneManifest_Generation = YES;
				INFOPLIST_KEY_UIApplicationSupportsIndirectInputEvents = YES;
				INFOPLIST_KEY_UILaunchScreen_Generation = YES;
				INFOPLIST_KEY_UILaunchStoryboardName = "Launch Screen.storyboard";
				INFOPLIST_KEY_UISupportedInterfaceOrientations_iPad = "UIInterfaceOrientationPortrait UIInterfaceOrientationPortraitUpsideDown UIInterfaceOrientationLandscapeLeft UIInterfaceOrientationLandscapeRight";
				INFOPLIST_KEY_UISupportedInterfaceOrientations_iPhone = "UIInterfaceOrientationPortrait UIInterfaceOrientationLandscapeLeft UIInterfaceOrientationLandscapeRight";
				IPHONEOS_DEPLOYMENT_TARGET = 16.0;
				LD_RUNPATH_SEARCH_PATHS = (
					"$(inherited)",
					"@executable_path/Frameworks",
				);
				MARKETING_VERSION = 1.0;
				PRODUCT_BUNDLE_IDENTIFIER = azizah.alshami;
				PRODUCT_NAME = "$(TARGET_NAME)";
				PROVISIONING_PROFILE_SPECIFIER = "";
				SUPPORTED_PLATFORMS = "iphoneos iphonesimulator";
				SUPPORTS_MACCATALYST = NO;
				SUPPORTS_MAC_DESIGNED_FOR_IPHONE_IPAD = NO;
				SWIFT_EMIT_LOC_STRINGS = YES;
				SWIFT_VERSION = 5.0;
				TARGETED_DEVICE_FAMILY = "1,2";
			};
			name = Release;
		};
		FFA8AC0F2A2723E40008B0D2 /* Debug */ = {
			isa = XCBuildConfiguration;
			buildSettings = {
				ALWAYS_EMBED_SWIFT_STANDARD_LIBRARIES = YES;
				BUNDLE_LOADER = "$(TEST_HOST)";
				CODE_SIGN_STYLE = Automatic;
				CURRENT_PROJECT_VERSION = 1;
				DEVELOPMENT_TEAM = U7539R3954;
				GENERATE_INFOPLIST_FILE = YES;
				IPHONEOS_DEPLOYMENT_TARGET = 16.2;
				MARKETING_VERSION = 1.0;
				PRODUCT_BUNDLE_IDENTIFIER = hibah.hibahcodeTests;
				PRODUCT_NAME = "$(TARGET_NAME)";
				SWIFT_EMIT_LOC_STRINGS = NO;
				SWIFT_VERSION = 5.0;
				TARGETED_DEVICE_FAMILY = "1,2";
				TEST_HOST = "$(BUILT_PRODUCTS_DIR)/hibahcode.app/$(BUNDLE_EXECUTABLE_FOLDER_PATH)/hibahcode";
			};
			name = Debug;
		};
		FFA8AC102A2723E40008B0D2 /* Release */ = {
			isa = XCBuildConfiguration;
			buildSettings = {
				ALWAYS_EMBED_SWIFT_STANDARD_LIBRARIES = YES;
				BUNDLE_LOADER = "$(TEST_HOST)";
				CODE_SIGN_STYLE = Automatic;
				CURRENT_PROJECT_VERSION = 1;
				DEVELOPMENT_TEAM = U7539R3954;
				GENERATE_INFOPLIST_FILE = YES;
				IPHONEOS_DEPLOYMENT_TARGET = 16.2;
				MARKETING_VERSION = 1.0;
				PRODUCT_BUNDLE_IDENTIFIER = hibah.hibahcodeTests;
				PRODUCT_NAME = "$(TARGET_NAME)";
				SWIFT_EMIT_LOC_STRINGS = NO;
				SWIFT_VERSION = 5.0;
				TARGETED_DEVICE_FAMILY = "1,2";
				TEST_HOST = "$(BUILT_PRODUCTS_DIR)/hibahcode.app/$(BUNDLE_EXECUTABLE_FOLDER_PATH)/hibahcode";
			};
			name = Release;
		};
		FFA8AC122A2723E40008B0D2 /* Debug */ = {
			isa = XCBuildConfiguration;
			buildSettings = {
				ALWAYS_EMBED_SWIFT_STANDARD_LIBRARIES = YES;
				CODE_SIGN_STYLE = Automatic;
				CURRENT_PROJECT_VERSION = 1;
				DEVELOPMENT_TEAM = 8P4ARXG8LG;
				GENERATE_INFOPLIST_FILE = YES;
				MARKETING_VERSION = 1.0;
				PRODUCT_BUNDLE_IDENTIFIER = hibah.hibahcodeUITests;
				PRODUCT_NAME = "$(TARGET_NAME)";
				SWIFT_EMIT_LOC_STRINGS = NO;
				SWIFT_VERSION = 5.0;
				TARGETED_DEVICE_FAMILY = "1,2";
				TEST_TARGET_NAME = hibahcode;
			};
			name = Debug;
		};
		FFA8AC132A2723E40008B0D2 /* Release */ = {
			isa = XCBuildConfiguration;
			buildSettings = {
				ALWAYS_EMBED_SWIFT_STANDARD_LIBRARIES = YES;
				CODE_SIGN_STYLE = Automatic;
				CURRENT_PROJECT_VERSION = 1;
				DEVELOPMENT_TEAM = 8P4ARXG8LG;
				GENERATE_INFOPLIST_FILE = YES;
				MARKETING_VERSION = 1.0;
				PRODUCT_BUNDLE_IDENTIFIER = hibah.hibahcodeUITests;
				PRODUCT_NAME = "$(TARGET_NAME)";
				SWIFT_EMIT_LOC_STRINGS = NO;
				SWIFT_VERSION = 5.0;
				TARGETED_DEVICE_FAMILY = "1,2";
				TEST_TARGET_NAME = hibahcode;
			};
			name = Release;
		};
/* End XCBuildConfiguration section */

/* Begin XCConfigurationList section */
		FFA8ABDC2A2723E30008B0D2 /* Build configuration list for PBXProject "hibahcode" */ = {
			isa = XCConfigurationList;
			buildConfigurations = (
				FFA8AC092A2723E40008B0D2 /* Debug */,
				FFA8AC0A2A2723E40008B0D2 /* Release */,
			);
			defaultConfigurationIsVisible = 0;
			defaultConfigurationName = Release;
		};
		FFA8AC0B2A2723E40008B0D2 /* Build configuration list for PBXNativeTarget "hibahcode" */ = {
			isa = XCConfigurationList;
			buildConfigurations = (
				FFA8AC0C2A2723E40008B0D2 /* Debug */,
				FFA8AC0D2A2723E40008B0D2 /* Release */,
			);
			defaultConfigurationIsVisible = 0;
			defaultConfigurationName = Release;
		};
		FFA8AC0E2A2723E40008B0D2 /* Build configuration list for PBXNativeTarget "hibahcodeTests" */ = {
			isa = XCConfigurationList;
			buildConfigurations = (
				FFA8AC0F2A2723E40008B0D2 /* Debug */,
				FFA8AC102A2723E40008B0D2 /* Release */,
			);
			defaultConfigurationIsVisible = 0;
			defaultConfigurationName = Release;
		};
		FFA8AC112A2723E40008B0D2 /* Build configuration list for PBXNativeTarget "hibahcodeUITests" */ = {
			isa = XCConfigurationList;
			buildConfigurations = (
				FFA8AC122A2723E40008B0D2 /* Debug */,
				FFA8AC132A2723E40008B0D2 /* Release */,
			);
			defaultConfigurationIsVisible = 0;
			defaultConfigurationName = Release;
		};
/* End XCConfigurationList section */

/* Begin XCRemoteSwiftPackageReference section */
		9B27B0372A33464700A9D371 /* XCRemoteSwiftPackageReference "firebase-ios-sdk" */ = {
			isa = XCRemoteSwiftPackageReference;
			repositoryURL = "https://github.com/firebase/firebase-ios-sdk";
			requirement = {
				kind = upToNextMajorVersion;
				minimumVersion = 10.0.0;
			};
		};
/* End XCRemoteSwiftPackageReference section */

/* Begin XCSwiftPackageProductDependency section */
		9B27B0382A33464700A9D371 /* FirebaseAuth */ = {
			isa = XCSwiftPackageProductDependency;
			package = 9B27B0372A33464700A9D371 /* XCRemoteSwiftPackageReference "firebase-ios-sdk" */;
			productName = FirebaseAuth;
		};
		9B27B03A2A33464700A9D371 /* FirebaseFirestore */ = {
			isa = XCSwiftPackageProductDependency;
			package = 9B27B0372A33464700A9D371 /* XCRemoteSwiftPackageReference "firebase-ios-sdk" */;
			productName = FirebaseFirestore;
		};
		9B27B03C2A33464700A9D371 /* FirebaseFirestoreSwift */ = {
			isa = XCSwiftPackageProductDependency;
			package = 9B27B0372A33464700A9D371 /* XCRemoteSwiftPackageReference "firebase-ios-sdk" */;
			productName = FirebaseFirestoreSwift;
		};
		9B27B03E2A33464700A9D371 /* FirebaseStorage */ = {
			isa = XCSwiftPackageProductDependency;
			package = 9B27B0372A33464700A9D371 /* XCRemoteSwiftPackageReference "firebase-ios-sdk" */;
			productName = FirebaseStorage;
		};
		9B27B0402A33464700A9D371 /* FirebaseStorageCombine-Community */ = {
			isa = XCSwiftPackageProductDependency;
			package = 9B27B0372A33464700A9D371 /* XCRemoteSwiftPackageReference "firebase-ios-sdk" */;
			productName = "FirebaseStorageCombine-Community";
		};
/* End XCSwiftPackageProductDependency section */
	};
	rootObject = FFA8ABD92A2723E30008B0D2 /* Project object */;
}
